
Microsoft Visual Studio Solution File, Format Version 12.00
# Visual Studio Version 16
VisualStudioVersion = 16.0.30717.126
MinimumVisualStudioVersion = 15.0.26124.0
Project("{FAE04EC0-301F-11D3-BF4B-00C04F79EFBC}") = "FreesqlDemo.API", "FreesqlDemo.API\FreesqlDemo.API.csproj", "{D4E5AAF5-462E-4534-85CC-0A124FC77F55}"
EndProject
Project("{E24C65DC-7377-472B-9ABA-BC803B73C61A}") = "freesql-demo-webapp", "freesql-demo-webapp\", "{9520664C-5EC4-44FD-BA7E-100FD0467DC5}"
	ProjectSection(WebsiteProperties) = preProject
		TargetFrameworkMoniker = ".NETFramework,Version%3Dv4.0"
		Debug.AspNetCompiler.VirtualPath = "/localhost_4081"
		Debug.AspNetCompiler.PhysicalPath = "freesql-demo-webapp\"
		Debug.AspNetCompiler.TargetPath = "PrecompiledWeb\localhost_4081\"
		Debug.AspNetCompiler.Updateable = "true"
		Debug.AspNetCompiler.ForceOverwrite = "true"
		Debug.AspNetCompiler.FixedNames = "false"
		Debug.AspNetCompiler.Debug = "True"
		Release.AspNetCompiler.VirtualPath = "/localhost_4081"
		Release.AspNetCompiler.PhysicalPath = "freesql-demo-webapp\"
		Release.AspNetCompiler.TargetPath = "PrecompiledWeb\localhost_4081\"
		Release.AspNetCompiler.Updateable = "true"
		Release.AspNetCompiler.ForceOverwrite = "true"
		Release.AspNetCompiler.FixedNames = "false"
		Release.AspNetCompiler.Debug = "False"
		VWDPort = "4081"
	EndProjectSection
EndProject
Global
	GlobalSection(SolutionConfigurationPlatforms) = preSolution
		Debug|Any CPU = Debug|Any CPU
		Release|Any CPU = Release|Any CPU
	EndGlobalSection
	GlobalSection(ProjectConfigurationPlatforms) = postSolution
		{D4E5AAF5-462E-4534-85CC-0A124FC77F55}.Debug|Any CPU.ActiveCfg = Debug|Any CPU
		{D4E5AAF5-462E-4534-85CC-0A124FC77F55}.Debug|Any CPU.Build.0 = Debug|Any CPU
		{D4E5AAF5-462E-4534-85CC-0A124FC77F55}.Release|Any CPU.ActiveCfg = Release|Any CPU
		{D4E5AAF5-462E-4534-85CC-0A124FC77F55}.Release|Any CPU.Build.0 = Release|Any CPU
		{9520664C-5EC4-44FD-BA7E-100FD0467DC5}.Debug|Any CPU.ActiveCfg = Debug|Any CPU
		{9520664C-5EC4-44FD-BA7E-100FD0467DC5}.Debug|Any CPU.Build.0 = Debug|Any CPU
		{9520664C-5EC4-44FD-BA7E-100FD0467DC5}.Release|Any CPU.ActiveCfg = Debug|Any CPU
		{9520664C-5EC4-44FD-BA7E-100FD0467DC5}.Release|Any CPU.Build.0 = Debug|Any CPU
	EndGlobalSection
	GlobalSection(SolutionProperties) = preSolution
		HideSolutionNode = FALSE
	EndGlobalSection
	GlobalSection(ExtensibilityGlobals) = postSolution
		SolutionGuid = {B8C64623-760F-4ED6-81BD-E74FD8897A8A}
	EndGlobalSection
EndGlobal
